
Microsoft Visual Studio Solution File, Format Version 12.00
# Visual Studio Version 17
VisualStudioVersion = 17.1.32120.378
MinimumVisualStudioVersion = 10.0.40219.1
Project("{9A19103F-16F7-4668-BE54-9A1E7A4F7556}") = "XudonaxBot.Bot", "XudonaxBot.Bot\XudonaxBot.Bot.csproj", "{CCD43918-FD98-43FD-A250-39389191CFCF}"
EndProject
Project("{E53339B2-1760-4266-BCC7-CA923CBCF16C}") = "docker-compose", "docker-compose.dcproj", "{2BC4B485-BB32-42EE-B6E9-EC871A1976FA}"
EndProject
Project("{9A19103F-16F7-4668-BE54-9A1E7A4F7556}") = "XudonaxBot.Commands", "XudonaxBot.Commands\XudonaxBot.Commands.csproj", "{A988E17B-041F-46F3-9002-E842DAD94C7E}"
EndProject
Project("{9A19103F-16F7-4668-BE54-9A1E7A4F7556}") = "XudonaxBot.DAL", "XudonaxBot.DAL\XudonaxBot.DAL.csproj", "{40C9DBDD-E6FC-444C-A6FB-8036E2CDDE93}"
EndProject
Project("{2150E333-8FDC-42A3-9474-1A3956D46DE8}") = "Solution Items", "Solution Items", "{4B505A0E-F631-49DB-9B3E-AC4A3E080F88}"
	ProjectSection(SolutionItems) = preProject
		.gitignore = .gitignore
		LICENSE = LICENSE
		README.md = README.md
	EndProjectSection
EndProject
Project("{9A19103F-16F7-4668-BE54-9A1E7A4F7556}") = "XudonaxBot.External.Tenor", "XudonaxBot.External.Tenor\XudonaxBot.External.Tenor.csproj", "{9711B658-96A5-43D8-BC99-6C0D8C034524}"
EndProject
Project("{9A19103F-16F7-4668-BE54-9A1E7A4F7556}") = "XudonaxBot.Options", "XudonaxBot.Options\XudonaxBot.Options.csproj", "{04B8718F-FFA0-4CFF-90D0-1A327379A5D4}"
EndProject
Project("{9A19103F-16F7-4668-BE54-9A1E7A4F7556}") = "XudonaxBot.DiceParser", "XudonaxBot.DiceParser\XudonaxBot.DiceParser.csproj", "{6125C219-709C-457D-9525-6943D449D7F6}"
EndProject
Project("{FAE04EC0-301F-11D3-BF4B-00C04F79EFBC}") = "XudonaxBot.DiceParser.Test", "XudonaxBot.DiceParser.Test\XudonaxBot.DiceParser.Test.csproj", "{ABDF1342-764F-483B-9CE6-0B93E19A948C}"
EndProject
Global
	GlobalSection(SolutionConfigurationPlatforms) = preSolution
		Debug|Any CPU = Debug|Any CPU
		Release|Any CPU = Release|Any CPU
	EndGlobalSection
	GlobalSection(ProjectConfigurationPlatforms) = postSolution
		{CCD43918-FD98-43FD-A250-39389191CFCF}.Debug|Any CPU.ActiveCfg = Debug|Any CPU
		{CCD43918-FD98-43FD-A250-39389191CFCF}.Debug|Any CPU.Build.0 = Debug|Any CPU
		{CCD43918-FD98-43FD-A250-39389191CFCF}.Release|Any CPU.ActiveCfg = Release|Any CPU
		{CCD43918-FD98-43FD-A250-39389191CFCF}.Release|Any CPU.Build.0 = Release|Any CPU
		{2BC4B485-BB32-42EE-B6E9-EC871A1976FA}.Debug|Any CPU.ActiveCfg = Debug|Any CPU
		{2BC4B485-BB32-42EE-B6E9-EC871A1976FA}.Debug|Any CPU.Build.0 = Debug|Any CPU
		{2BC4B485-BB32-42EE-B6E9-EC871A1976FA}.Release|Any CPU.ActiveCfg = Release|Any CPU
		{2BC4B485-BB32-42EE-B6E9-EC871A1976FA}.Release|Any CPU.Build.0 = Release|Any CPU
		{A988E17B-041F-46F3-9002-E842DAD94C7E}.Debug|Any CPU.ActiveCfg = Debug|Any CPU
		{A988E17B-041F-46F3-9002-E842DAD94C7E}.Debug|Any CPU.Build.0 = Debug|Any CPU
		{A988E17B-041F-46F3-9002-E842DAD94C7E}.Release|Any CPU.ActiveCfg = Release|Any CPU
		{A988E17B-041F-46F3-9002-E842DAD94C7E}.Release|Any CPU.Build.0 = Release|Any CPU
		{40C9DBDD-E6FC-444C-A6FB-8036E2CDDE93}.Debug|Any CPU.ActiveCfg = Debug|Any CPU
		{40C9DBDD-E6FC-444C-A6FB-8036E2CDDE93}.Debug|Any CPU.Build.0 = Debug|Any CPU
		{40C9DBDD-E6FC-444C-A6FB-8036E2CDDE93}.Release|Any CPU.ActiveCfg = Release|Any CPU
		{40C9DBDD-E6FC-444C-A6FB-8036E2CDDE93}.Release|Any CPU.Build.0 = Release|Any CPU
		{9711B658-96A5-43D8-BC99-6C0D8C034524}.Debug|Any CPU.ActiveCfg = Debug|Any CPU
		{9711B658-96A5-43D8-BC99-6C0D8C034524}.Debug|Any CPU.Build.0 = Debug|Any CPU
		{9711B658-96A5-43D8-BC99-6C0D8C034524}.Release|Any CPU.ActiveCfg = Release|Any CPU
		{9711B658-96A5-43D8-BC99-6C0D8C034524}.Release|Any CPU.Build.0 = Release|Any CPU
		{04B8718F-FFA0-4CFF-90D0-1A327379A5D4}.Debug|Any CPU.ActiveCfg = Debug|Any CPU
		{04B8718F-FFA0-4CFF-90D0-1A327379A5D4}.Debug|Any CPU.Build.0 = Debug|Any CPU
		{04B8718F-FFA0-4CFF-90D0-1A327379A5D4}.Release|Any CPU.ActiveCfg = Release|Any CPU
		{04B8718F-FFA0-4CFF-90D0-1A327379A5D4}.Release|Any CPU.Build.0 = Release|Any CPU
		{6125C219-709C-457D-9525-6943D449D7F6}.Debug|Any CPU.ActiveCfg = Debug|Any CPU
		{6125C219-709C-457D-9525-6943D449D7F6}.Debug|Any CPU.Build.0 = Debug|Any CPU
		{6125C219-709C-457D-9525-6943D449D7F6}.Release|Any CPU.ActiveCfg = Release|Any CPU
		{6125C219-709C-457D-9525-6943D449D7F6}.Release|Any CPU.Build.0 = Release|Any CPU
		{ABDF1342-764F-483B-9CE6-0B93E19A948C}.Debug|Any CPU.ActiveCfg = Debug|Any CPU
		{ABDF1342-764F-483B-9CE6-0B93E19A948C}.Debug|Any CPU.Build.0 = Debug|Any CPU
		{ABDF1342-764F-483B-9CE6-0B93E19A948C}.Release|Any CPU.ActiveCfg = Release|Any CPU
		{ABDF1342-764F-483B-9CE6-0B93E19A948C}.Release|Any CPU.Build.0 = Release|Any CPU
	EndGlobalSection
	GlobalSection(SolutionProperties) = preSolution
		HideSolutionNode = FALSE
	EndGlobalSection
	GlobalSection(ExtensibilityGlobals) = postSolution
		SolutionGuid = {72737911-46B0-4663-AF1E-8CAAF038F8F1}
	EndGlobalSection
EndGlobal
